
Microsoft Visual Studio Solution File, Format Version 12.00
# Visual Studio Version 16
VisualStudioVersion = 16.0.30523.17
MinimumVisualStudioVersion = 10.0.40219.1
Project("{9A19103F-16F7-4668-BE54-9A1E7A4F7556}") = "Globbing", "src\Globbing.csproj", "{4E305350-37DC-46A4-A724-D1607C44BEB7}"
EndProject
Project("{9A19103F-16F7-4668-BE54-9A1E7A4F7556}") = "GlobbingTests", "tests\GlobbingTests.csproj", "{4F5C4238-D91E-4A3B-A173-27C5FE0854C5}"
EndProject
Global
	GlobalSection(SolutionConfigurationPlatforms) = preSolution
		Debug|Any CPU = Debug|Any CPU
		Release|Any CPU = Release|Any CPU
	EndGlobalSection
	GlobalSection(ProjectConfigurationPlatforms) = postSolution
		{4E305350-37DC-46A4-A724-D1607C44BEB7}.Debug|Any CPU.ActiveCfg = Debug|Any CPU
		{4E305350-37DC-46A4-A724-D1607C44BEB7}.Debug|Any CPU.Build.0 = Debug|Any CPU
		{4E305350-37DC-46A4-A724-D1607C44BEB7}.Release|Any CPU.ActiveCfg = Release|Any CPU
		{4E305350-37DC-46A4-A724-D1607C44BEB7}.Release|Any CPU.Build.0 = Release|Any CPU
		{4F5C4238-D91E-4A3B-A173-27C5FE0854C5}.Debug|Any CPU.ActiveCfg = Debug|Any CPU
		{4F5C4238-D91E-4A3B-A173-27C5FE0854C5}.Debug|Any CPU.Build.0 = Debug|Any CPU
		{4F5C4238-D91E-4A3B-A173-27C5FE0854C5}.Release|Any CPU.ActiveCfg = Release|Any CPU
		{4F5C4238-D91E-4A3B-A173-27C5FE0854C5}.Release|Any CPU.Build.0 = Release|Any CPU
	EndGlobalSection
	GlobalSection(SolutionProperties) = preSolution
		HideSolutionNode = FALSE
	EndGlobalSection
	GlobalSection(ExtensibilityGlobals) = postSolution
		SolutionGuid = {70267931-6944-4E3D-8F0E-BA960F4F3257}
	EndGlobalSection
EndGlobal
